// !$*UTF8*$!
{
	archiveVersion = 1;
	classes = {
	};
	objectVersion = 56;
	objects = {

/* Begin PBXBuildFile section */
		0E4FE26029C43ED700AC2329 /* swiftuibasicsApp.swift in Sources */ = {isa = PBXBuildFile; fileRef = 0E4FE25F29C43ED700AC2329 /* swiftuibasicsApp.swift */; };
		0E4FE26229C43ED700AC2329 /* ContentView.swift in Sources */ = {isa = PBXBuildFile; fileRef = 0E4FE26129C43ED700AC2329 /* ContentView.swift */; };
		0E4FE26429C43ED700AC2329 /* Assets.xcassets in Resources */ = {isa = PBXBuildFile; fileRef = 0E4FE26329C43ED700AC2329 /* Assets.xcassets */; };
		0E4FE26729C43ED700AC2329 /* Preview Assets.xcassets in Resources */ = {isa = PBXBuildFile; fileRef = 0E4FE26629C43ED700AC2329 /* Preview Assets.xcassets */; };
		0E4FE26E29C441FC00AC2329 /* TextView.swift in Sources */ = {isa = PBXBuildFile; fileRef = 0E4FE26D29C441FC00AC2329 /* TextView.swift */; };
		0E4FE27029C45B9B00AC2329 /* InitilizerView.swift in Sources */ = {isa = PBXBuildFile; fileRef = 0E4FE26F29C45B9B00AC2329 /* InitilizerView.swift */; };
		0E4FE27229C479A600AC2329 /* ForEachView.swift in Sources */ = {isa = PBXBuildFile; fileRef = 0E4FE27129C479A600AC2329 /* ForEachView.swift */; };
		0E4FE27429C484BB00AC2329 /* ButtonView.swift in Sources */ = {isa = PBXBuildFile; fileRef = 0E4FE27329C484BB00AC2329 /* ButtonView.swift */; };
/* End PBXBuildFile section */

/* Begin PBXFileReference section */
		0E4FE25C29C43ED700AC2329 /* swiftuibasics.app */ = {isa = PBXFileReference; explicitFileType = wrapper.application; includeInIndex = 0; path = swiftuibasics.app; sourceTree = BUILT_PRODUCTS_DIR; };
		0E4FE25F29C43ED700AC2329 /* swiftuibasicsApp.swift */ = {isa = PBXFileReference; lastKnownFileType = sourcecode.swift; path = swiftuibasicsApp.swift; sourceTree = "<group>"; };
		0E4FE26129C43ED700AC2329 /* ContentView.swift */ = {isa = PBXFileReference; lastKnownFileType = sourcecode.swift; path = ContentView.swift; sourceTree = "<group>"; };
		0E4FE26329C43ED700AC2329 /* Assets.xcassets */ = {isa = PBXFileReference; lastKnownFileType = folder.assetcatalog; path = Assets.xcassets; sourceTree = "<group>"; };
		0E4FE26629C43ED700AC2329 /* Preview Assets.xcassets */ = {isa = PBXFileReference; lastKnownFileType = folder.assetcatalog; path = "Preview Assets.xcassets"; sourceTree = "<group>"; };
		0E4FE26D29C441FC00AC2329 /* TextView.swift */ = {isa = PBXFileReference; lastKnownFileType = sourcecode.swift; path = TextView.swift; sourceTree = "<group>"; };
		0E4FE26F29C45B9B00AC2329 /* InitilizerView.swift */ = {isa = PBXFileReference; lastKnownFileType = sourcecode.swift; path = InitilizerView.swift; sourceTree = "<group>"; };
		0E4FE27129C479A600AC2329 /* ForEachView.swift */ = {isa = PBXFileReference; lastKnownFileType = sourcecode.swift; path = ForEachView.swift; sourceTree = "<group>"; };
		0E4FE27329C484BB00AC2329 /* ButtonView.swift */ = {isa = PBXFileReference; lastKnownFileType = sourcecode.swift; path = ButtonView.swift; sourceTree = "<group>"; };
/* End PBXFileReference section */

/* Begin PBXFrameworksBuildPhase section */
		0E4FE25929C43ED700AC2329 /* Frameworks */ = {
			isa = PBXFrameworksBuildPhase;
			buildActionMask = 2147483647;
			files = (
			);
			runOnlyForDeploymentPostprocessing = 0;
		};
/* End PBXFrameworksBuildPhase section */

/* Begin PBXGroup section */
		0E4FE25329C43ED700AC2329 = {
			isa = PBXGroup;
			children = (
				0E4FE25E29C43ED700AC2329 /* swiftuibasics */,
				0E4FE25D29C43ED700AC2329 /* Products */,
			);
			sourceTree = "<group>";
		};
		0E4FE25D29C43ED700AC2329 /* Products */ = {
			isa = PBXGroup;
			children = (
				0E4FE25C29C43ED700AC2329 /* swiftuibasics.app */,
			);
			name = Products;
			sourceTree = "<group>";
		};
		0E4FE25E29C43ED700AC2329 /* swiftuibasics */ = {
			isa = PBXGroup;
			children = (
				0E4FE25F29C43ED700AC2329 /* swiftuibasicsApp.swift */,
				0E4FE26D29C441FC00AC2329 /* TextView.swift */,
				0E4FE26F29C45B9B00AC2329 /* InitilizerView.swift */,
				0E4FE27129C479A600AC2329 /* ForEachView.swift */,
				0E4FE27329C484BB00AC2329 /* ButtonView.swift */,
				0E4FE26129C43ED700AC2329 /* ContentView.swift */,
				0E4FE26329C43ED700AC2329 /* Assets.xcassets */,
				0E4FE26529C43ED700AC2329 /* Preview Content */,
			);
			path = swiftuibasics;
			sourceTree = "<group>";
		};
		0E4FE26529C43ED700AC2329 /* Preview Content */ = {
			isa = PBXGroup;
			children = (
				0E4FE26629C43ED700AC2329 /* Preview Assets.xcassets */,
			);
			path = "Preview Content";
			sourceTree = "<group>";
		};
/* End PBXGroup section */

/* Begin PBXNativeTarget section */
		0E4FE25B29C43ED700AC2329 /* swiftuibasics */ = {
			isa = PBXNativeTarget;
			buildConfigurationList = 0E4FE26A29C43ED700AC2329 /* Build configuration list for PBXNativeTarget "swiftuibasics" */;
			buildPhases = (
				0E4FE25829C43ED700AC2329 /* Sources */,
				0E4FE25929C43ED700AC2329 /* Frameworks */,
				0E4FE25A29C43ED700AC2329 /* Resources */,
			);
			buildRules = (
			);
			dependencies = (
			);
			name = swiftuibasics;
			productName = swiftuibasics;
			productReference = 0E4FE25C29C43ED700AC2329 /* swiftuibasics.app */;
			productType = "com.apple.product-type.application";
		};
/* End PBXNativeTarget section */

/* Begin PBXProject section */
		0E4FE25429C43ED700AC2329 /* Project object */ = {
			isa = PBXProject;
			attributes = {
				BuildIndependentTargetsInParallel = 1;
				LastSwiftUpdateCheck = 1420;
				LastUpgradeCheck = 1420;
				TargetAttributes = {
					0E4FE25B29C43ED700AC2329 = {
						CreatedOnToolsVersion = 14.2;
					};
				};
			};
			buildConfigurationList = 0E4FE25729C43ED700AC2329 /* Build configuration list for PBXProject "swiftuibasics" */;
			compatibilityVersion = "Xcode 14.0";
			developmentRegion = en;
			hasScannedForEncodings = 0;
			knownRegions = (
				en,
				Base,
			);
			mainGroup = 0E4FE25329C43ED700AC2329;
			productRefGroup = 0E4FE25D29C43ED700AC2329 /* Products */;
			projectDirPath = "";
			projectRoot = "";
			targets = (
				0E4FE25B29C43ED700AC2329 /* swiftuibasics */,
			);
		};
/* End PBXProject section */

/* Begin PBXResourcesBuildPhase section */
		0E4FE25A29C43ED700AC2329 /* Resources */ = {
			isa = PBXResourcesBuildPhase;
			buildActionMask = 2147483647;
			files = (
				0E4FE26729C43ED700AC2329 /* Preview Assets.xcassets in Resources */,
				0E4FE26429C43ED700AC2329 /* Assets.xcassets in Resources */,
			);
			runOnlyForDeploymentPostprocessing = 0;
		};
/* End PBXResourcesBuildPhase section */

/* Begin PBXSourcesBuildPhase section */
		0E4FE25829C43ED700AC2329 /* Sources */ = {
			isa = PBXSourcesBuildPhase;
			buildActionMask = 2147483647;
			files = (
				0E4FE26E29C441FC00AC2329 /* TextView.swift in Sources */,
				0E4FE27229C479A600AC2329 /* ForEachView.swift in Sources */,
				0E4FE27429C484BB00AC2329 /* ButtonView.swift in Sources */,
				0E4FE27029C45B9B00AC2329 /* InitilizerView.swift in Sources */,
				0E4FE26229C43ED700AC2329 /* ContentView.swift in Sources */,
				0E4FE26029C43ED700AC2329 /* swiftuibasicsApp.swift in Sources */,
			);
			runOnlyForDeploymentPostprocessing = 0;
		};
/* End PBXSourcesBuildPhase section */

/* Begin XCBuildConfiguration section */
		0E4FE26829C43ED700AC2329 /* Debug */ = {
			isa = XCBuildConfiguration;
			buildSettings = {
				ALWAYS_SEARCH_USER_PATHS = NO;
				CLANG_ANALYZER_NONNULL = YES;
				CLANG_ANALYZER_NUMBER_OBJECT_CONVERSION = YES_AGGRESSIVE;
				CLANG_CXX_LANGUAGE_STANDARD = "gnu++20";
				CLANG_ENABLE_MODULES = YES;
				CLANG_ENABLE_OBJC_ARC = YES;
				CLANG_ENABLE_OBJC_WEAK = YES;
				CLANG_WARN_BLOCK_CAPTURE_AUTORELEASING = YES;
				CLANG_WARN_BOOL_CONVERSION = YES;
				CLANG_WARN_COMMA = YES;
				CLANG_WARN_CONSTANT_CONVERSION = YES;
				CLANG_WARN_DEPRECATED_OBJC_IMPLEMENTATIONS = YES;
				CLANG_WARN_DIRECT_OBJC_ISA_USAGE = YES_ERROR;
				CLANG_WARN_DOCUMENTATION_COMMENTS = YES;
				CLANG_WARN_EMPTY_BODY = YES;
				CLANG_WARN_ENUM_CONVERSION = YES;
				CLANG_WARN_INFINITE_RECURSION = YES;
				CLANG_WARN_INT_CONVERSION = YES;
				CLANG_WARN_NON_LITERAL_NULL_CONVERSION = YES;
				CLANG_WARN_OBJC_IMPLICIT_RETAIN_SELF = YES;
				CLANG_WARN_OBJC_LITERAL_CONVERSION = YES;
				CLANG_WARN_OBJC_ROOT_CLASS = YES_ERROR;
				CLANG_WARN_QUOTED_INCLUDE_IN_FRAMEWORK_HEADER = YES;
				CLANG_WARN_RANGE_LOOP_ANALYSIS = YES;
				CLANG_WARN_STRICT_PROTOTYPES = YES;
				CLANG_WARN_SUSPICIOUS_MOVE = YES;
				CLANG_WARN_UNGUARDED_AVAILABILITY = YES_AGGRESSIVE;
				CLANG_WARN_UNREACHABLE_CODE = YES;
				CLANG_WARN__DUPLICATE_METHOD_MATCH = YES;
				COPY_PHASE_STRIP = NO;
				DEBUG_INFORMATION_FORMAT = dwarf;
				ENABLE_STRICT_OBJC_MSGSEND = YES;
				ENABLE_TESTABILITY = YES;
				GCC_C_LANGUAGE_STANDARD = gnu11;
				GCC_DYNAMIC_NO_PIC = NO;
				GCC_NO_COMMON_BLOCKS = YES;
				GCC_OPTIMIZATION_LEVEL = 0;
				GCC_PREPROCESSOR_DEFINITIONS = (
					"DEBUG=1",
					"$(inherited)",
				);
				GCC_WARN_64_TO_32_BIT_CONVERSION = YES;
				GCC_WARN_ABOUT_RETURN_TYPE = YES_ERROR;
				GCC_WARN_UNDECLARED_SELECTOR = YES;
				GCC_WARN_UNINITIALIZED_AUTOS = YES_AGGRESSIVE;
				GCC_WARN_UNUSED_FUNCTION = YES;
				GCC_WARN_UNUSED_VARIABLE = YES;
				IPHONEOS_DEPLOYMENT_TARGET = 16.2;
				MTL_ENABLE_DEBUG_INFO = INCLUDE_SOURCE;
				MTL_FAST_MATH = YES;
				ONLY_ACTIVE_ARCH = YES;
				SDKROOT = iphoneos;
				SWIFT_ACTIVE_COMPILATION_CONDITIONS = DEBUG;
				SWIFT_OPTIMIZATION_LEVEL = "-Onone";
			};
			name = Debug;
		};
		0E4FE26929C43ED700AC2329 /* Release */ = {
			isa = XCBuildConfiguration;
			buildSettings = {
				ALWAYS_SEARCH_USER_PATHS = NO;
				CLANG_ANALYZER_NONNULL = YES;
				CLANG_ANALYZER_NUMBER_OBJECT_CONVERSION = YES_AGGRESSIVE;
				CLANG_CXX_LANGUAGE_STANDARD = "gnu++20";
				CLANG_ENABLE_MODULES = YES;
				CLANG_ENABLE_OBJC_ARC = YES;
				CLANG_ENABLE_OBJC_WEAK = YES;
				CLANG_WARN_BLOCK_CAPTURE_AUTORELEASING = YES;
				CLANG_WARN_BOOL_CONVERSION = YES;
				CLANG_WARN_COMMA = YES;
				CLANG_WARN_CONSTANT_CONVERSION = YES;
				CLANG_WARN_DEPRECATED_OBJC_IMPLEMENTATIONS = YES;
				CLANG_WARN_DIRECT_OBJC_ISA_USAGE = YES_ERROR;
				CLANG_WARN_DOCUMENTATION_COMMENTS = YES;
				CLANG_WARN_EMPTY_BODY = YES;
				CLANG_WARN_ENUM_CONVERSION = YES;
				CLANG_WARN_INFINITE_RECURSION = YES;
				CLANG_WARN_INT_CONVERSION = YES;
				CLANG_WARN_NON_LITERAL_NULL_CONVERSION = YES;
				CLANG_WARN_OBJC_IMPLICIT_RETAIN_SELF = YES;
				CLANG_WARN_OBJC_LITERAL_CONVERSION = YES;
				CLANG_WARN_OBJC_ROOT_CLASS = YES_ERROR;
				CLANG_WARN_QUOTED_INCLUDE_IN_FRAMEWORK_HEADER = YES;
				CLANG_WARN_RANGE_LOOP_ANALYSIS = YES;
				CLANG_WARN_STRICT_PROTOTYPES = YES;
				CLANG_WARN_SUSPICIOUS_MOVE = YES;
				CLANG_WARN_UNGUARDED_AVAILABILITY = YES_AGGRESSIVE;
				CLANG_WARN_UNREACHABLE_CODE = YES;
				CLANG_WARN__DUPLICATE_METHOD_MATCH = YES;
				COPY_PHASE_STRIP = NO;
				DEBUG_INFORMATION_FORMAT = "dwarf-with-dsym";
				ENABLE_NS_ASSERTIONS = NO;
				ENABLE_STRICT_OBJC_MSGSEND = YES;
				GCC_C_LANGUAGE_STANDARD = gnu11;
				GCC_NO_COMMON_BLOCKS = YES;
				GCC_WARN_64_TO_32_BIT_CONVERSION = YES;
				GCC_WARN_ABOUT_RETURN_TYPE = YES_ERROR;
				GCC_WARN_UNDECLARED_SELECTOR = YES;
				GCC_WARN_UNINITIALIZED_AUTOS = YES_AGGRESSIVE;
				GCC_WARN_UNUSED_FUNCTION = YES;
				GCC_WARN_UNUSED_VARIABLE = YES;
				IPHONEOS_DEPLOYMENT_TARGET = 16.2;
				MTL_ENABLE_DEBUG_INFO = NO;
				MTL_FAST_MATH = YES;
				SDKROOT = iphoneos;
				SWIFT_COMPILATION_MODE = wholemodule;
				SWIFT_OPTIMIZATION_LEVEL = "-O";
				VALIDATE_PRODUCT = YES;
			};
			name = Release;
		};
		0E4FE26B29C43ED700AC2329 /* Debug */ = {
			isa = XCBuildConfiguration;
			buildSettings = {
				ASSETCATALOG_COMPILER_APPICON_NAME = AppIcon;
				ASSETCATALOG_COMPILER_GLOBAL_ACCENT_COLOR_NAME = AccentColor;
				CODE_SIGN_STYLE = Automatic;
				CURRENT_PROJECT_VERSION = 1;
				DEVELOPMENT_ASSET_PATHS = "\"swiftuibasics/Preview Content\"";
				DEVELOPMENT_TEAM = GWQ2TZBJ9M;
				ENABLE_PREVIEWS = YES;
				GENERATE_INFOPLIST_FILE = YES;
				INFOPLIST_KEY_UIApplicationSceneManifest_Generation = YES;
				INFOPLIST_KEY_UIApplicationSupportsIndirectInputEvents = YES;
				INFOPLIST_KEY_UILaunchScreen_Generation = YES;
				INFOPLIST_KEY_UISupportedInterfaceOrientations_iPad = "UIInterfaceOrientationPortrait UIInterfaceOrientationPortraitUpsideDown UIInterfaceOrientationLandscapeLeft UIInterfaceOrientationLandscapeRight";
				INFOPLIST_KEY_UISupportedInterfaceOrientations_iPhone = "UIInterfaceOrientationPortrait UIInterfaceOrientationLandscapeLeft UIInterfaceOrientationLandscapeRight";
				LD_RUNPATH_SEARCH_PATHS = (
					"$(inherited)",
					"@executable_path/Frameworks",
				);
				MARKETING_VERSION = 1.0;
				PRODUCT_BUNDLE_IDENTIFIER = com.xy.adyen.swiftuibasics;
				PRODUCT_NAME = "$(TARGET_NAME)";
				SWIFT_EMIT_LOC_STRINGS = YES;
				SWIFT_VERSION = 5.0;
				TARGETED_DEVICE_FAMILY = "1,2";
			};
			name = Debug;
		};
		0E4FE26C29C43ED700AC2329 /* Release */ = {
			isa = XCBuildConfiguration;
			buildSettings = {
				ASSETCATALOG_COMPILER_APPICON_NAME = AppIcon;
				ASSETCATALOG_COMPILER_GLOBAL_ACCENT_COLOR_NAME = AccentColor;
				CODE_SIGN_STYLE = Automatic;
				CURRENT_PROJECT_VERSION = 1;
				DEVELOPMENT_ASSET_PATHS = "\"swiftuibasics/Preview Content\"";
				DEVELOPMENT_TEAM = GWQ2TZBJ9M;
				ENABLE_PREVIEWS = YES;
				GENERATE_INFOPLIST_FILE = YES;
				INFOPLIST_KEY_UIApplicationSceneManifest_Generation = YES;
				INFOPLIST_KEY_UIApplicationSupportsIndirectInputEvents = YES;
				INFOPLIST_KEY_UILaunchScreen_Generation = YES;
				INFOPLIST_KEY_UISupportedInterfaceOrientations_iPad = "UIInterfaceOrientationPortrait UIInterfaceOrientationPortraitUpsideDown UIInterfaceOrientationLandscapeLeft UIInterfaceOrientationLandscapeRight";
				INFOPLIST_KEY_UISupportedInterfaceOrientations_iPhone = "UIInterfaceOrientationPortrait UIInterfaceOrientationLandscapeLeft UIInterfaceOrientationLandscapeRight";
				LD_RUNPATH_SEARCH_PATHS = (
					"$(inherited)",
					"@executable_path/Frameworks",
				);
				MARKETING_VERSION = 1.0;
				PRODUCT_BUNDLE_IDENTIFIER = com.xy.adyen.swiftuibasics;
				PRODUCT_NAME = "$(TARGET_NAME)";
				SWIFT_EMIT_LOC_STRINGS = YES;
				SWIFT_VERSION = 5.0;
				TARGETED_DEVICE_FAMILY = "1,2";
			};
			name = Release;
		};
/* End XCBuildConfiguration section */

/* Begin XCConfigurationList section */
		0E4FE25729C43ED700AC2329 /* Build configuration list for PBXProject "swiftuibasics" */ = {
			isa = XCConfigurationList;
			buildConfigurations = (
				0E4FE26829C43ED700AC2329 /* Debug */,
				0E4FE26929C43ED700AC2329 /* Release */,
			);
			defaultConfigurationIsVisible = 0;
			defaultConfigurationName = Release;
		};
		0E4FE26A29C43ED700AC2329 /* Build configuration list for PBXNativeTarget "swiftuibasics" */ = {
			isa = XCConfigurationList;
			buildConfigurations = (
				0E4FE26B29C43ED700AC2329 /* Debug */,
				0E4FE26C29C43ED700AC2329 /* Release */,
			);
			defaultConfigurationIsVisible = 0;
			defaultConfigurationName = Release;
		};
/* End XCConfigurationList section */
	};
	rootObject = 0E4FE25429C43ED700AC2329 /* Project object */;
}
